// !$*UTF8*$!
{
	archiveVersion = 1;
	classes = {
	};
	objectVersion = 51;
	objects = {

/* Begin PBXBuildFile section */
		1812E60A24503D7B00076112 /* MovieDetailSectionType.swift in Sources */ = {isa = PBXBuildFile; fileRef = 1812E60924503D7B00076112 /* MovieDetailSectionType.swift */; };
		1812E60B24503D7B00076112 /* MovieDetailSectionType.swift in Sources */ = {isa = PBXBuildFile; fileRef = 1812E60924503D7B00076112 /* MovieDetailSectionType.swift */; };
		1812E60D245044F100076112 /* CommentModel.swift in Sources */ = {isa = PBXBuildFile; fileRef = 1812E60C245044F100076112 /* CommentModel.swift */; };
		1812E60E245044F100076112 /* CommentModel.swift in Sources */ = {isa = PBXBuildFile; fileRef = 1812E60C245044F100076112 /* CommentModel.swift */; };
		1812E6132450461E00076112 /* SectionHeaderTableViewCell.xib in Resources */ = {isa = PBXBuildFile; fileRef = 1812E6102450461E00076112 /* SectionHeaderTableViewCell.xib */; };
		1812E6142450461E00076112 /* SectionHeaderTableViewCell.xib in Resources */ = {isa = PBXBuildFile; fileRef = 1812E6102450461E00076112 /* SectionHeaderTableViewCell.xib */; };
		1812E6162450469A00076112 /* MoviesTableViewCell.xib in Resources */ = {isa = PBXBuildFile; fileRef = 1812E6152450469A00076112 /* MoviesTableViewCell.xib */; };
		1812E6172450469A00076112 /* MoviesTableViewCell.xib in Resources */ = {isa = PBXBuildFile; fileRef = 1812E6152450469A00076112 /* MoviesTableViewCell.xib */; };
		1812E619245046D800076112 /* BaseTableViewCell.swift in Sources */ = {isa = PBXBuildFile; fileRef = 1812E618245046D800076112 /* BaseTableViewCell.swift */; };
		1812E61A245046D800076112 /* BaseTableViewCell.swift in Sources */ = {isa = PBXBuildFile; fileRef = 1812E618245046D800076112 /* BaseTableViewCell.swift */; };
		1812E61C24504A0700076112 /* MovieCollectionViewCell.xib in Resources */ = {isa = PBXBuildFile; fileRef = 1812E61B24504A0700076112 /* MovieCollectionViewCell.xib */; };
		1812E61D24504A0700076112 /* MovieCollectionViewCell.xib in Resources */ = {isa = PBXBuildFile; fileRef = 1812E61B24504A0700076112 /* MovieCollectionViewCell.xib */; };
		1812E61F24504A4C00076112 /* BaseCollectionViewCell.swift in Sources */ = {isa = PBXBuildFile; fileRef = 1812E61E24504A4C00076112 /* BaseCollectionViewCell.swift */; };
		1812E62024504A4C00076112 /* BaseCollectionViewCell.swift in Sources */ = {isa = PBXBuildFile; fileRef = 1812E61E24504A4C00076112 /* BaseCollectionViewCell.swift */; };
		1812E6242450506400076112 /* YourRateTableViewCell.swift in Sources */ = {isa = PBXBuildFile; fileRef = 1812E6232450506400076112 /* YourRateTableViewCell.swift */; };
		1812E6252450506400076112 /* YourRateTableViewCell.swift in Sources */ = {isa = PBXBuildFile; fileRef = 1812E6232450506400076112 /* YourRateTableViewCell.swift */; };
		181935D1244AD81D00C1BB6D /* APIManager.swift in Sources */ = {isa = PBXBuildFile; fileRef = 181935D0244AD81D00C1BB6D /* APIManager.swift */; };
		181935D2244AD81D00C1BB6D /* APIManager.swift in Sources */ = {isa = PBXBuildFile; fileRef = 181935D0244AD81D00C1BB6D /* APIManager.swift */; };
		181935D4244AD95800C1BB6D /* BaseViewModel.swift in Sources */ = {isa = PBXBuildFile; fileRef = 181935D3244AD95800C1BB6D /* BaseViewModel.swift */; };
		181935D5244AD95800C1BB6D /* BaseViewModel.swift in Sources */ = {isa = PBXBuildFile; fileRef = 181935D3244AD95800C1BB6D /* BaseViewModel.swift */; };
		181935D7244AD9A700C1BB6D /* BaseViewController.swift in Sources */ = {isa = PBXBuildFile; fileRef = 181935D6244AD9A700C1BB6D /* BaseViewController.swift */; };
		181935D8244AD9A700C1BB6D /* BaseViewController.swift in Sources */ = {isa = PBXBuildFile; fileRef = 181935D6244AD9A700C1BB6D /* BaseViewController.swift */; };
		181935DB244ADB8000C1BB6D /* SectionHeaderTableViewCell.swift in Sources */ = {isa = PBXBuildFile; fileRef = 181935DA244ADB8000C1BB6D /* SectionHeaderTableViewCell.swift */; };
		181935DC244ADB8000C1BB6D /* SectionHeaderTableViewCell.swift in Sources */ = {isa = PBXBuildFile; fileRef = 181935DA244ADB8000C1BB6D /* SectionHeaderTableViewCell.swift */; };
		181935DE244ADB9500C1BB6D /* MoviesTableViewCell.swift in Sources */ = {isa = PBXBuildFile; fileRef = 181935DD244ADB9500C1BB6D /* MoviesTableViewCell.swift */; };
		181935DF244ADB9500C1BB6D /* MoviesTableViewCell.swift in Sources */ = {isa = PBXBuildFile; fileRef = 181935DD244ADB9500C1BB6D /* MoviesTableViewCell.swift */; };
		181935E1244ADBA700C1BB6D /* CategoriesTableViewCell.swift in Sources */ = {isa = PBXBuildFile; fileRef = 181935E0244ADBA700C1BB6D /* CategoriesTableViewCell.swift */; };
		181935E2244ADBA700C1BB6D /* CategoriesTableViewCell.swift in Sources */ = {isa = PBXBuildFile; fileRef = 181935E0244ADBA700C1BB6D /* CategoriesTableViewCell.swift */; };
		181935E7244ADBCC00C1BB6D /* MovieCollectionViewCell.swift in Sources */ = {isa = PBXBuildFile; fileRef = 181935E6244ADBCC00C1BB6D /* MovieCollectionViewCell.swift */; };
		181935E8244ADBCC00C1BB6D /* MovieCollectionViewCell.swift in Sources */ = {isa = PBXBuildFile; fileRef = 181935E6244ADBCC00C1BB6D /* MovieCollectionViewCell.swift */; };
		181935EA244ADC1800C1BB6D /* CategoryCollectionViewCell.swift in Sources */ = {isa = PBXBuildFile; fileRef = 181935E9244ADC1800C1BB6D /* CategoryCollectionViewCell.swift */; };
		181935EB244ADC1800C1BB6D /* CategoryCollectionViewCell.swift in Sources */ = {isa = PBXBuildFile; fileRef = 181935E9244ADC1800C1BB6D /* CategoryCollectionViewCell.swift */; };
		181935ED244ADC4200C1BB6D /* RecomandationCollectionViewCell.swift in Sources */ = {isa = PBXBuildFile; fileRef = 181935EC244ADC4200C1BB6D /* RecomandationCollectionViewCell.swift */; };
		181935EE244ADC4200C1BB6D /* RecomandationCollectionViewCell.swift in Sources */ = {isa = PBXBuildFile; fileRef = 181935EC244ADC4200C1BB6D /* RecomandationCollectionViewCell.swift */; };
		1864261124501DD600B40781 /* DetailViewController+TableView.swift in Sources */ = {isa = PBXBuildFile; fileRef = 1864261024501DD600B40781 /* DetailViewController+TableView.swift */; };
		1864261224501DD600B40781 /* DetailViewController+TableView.swift in Sources */ = {isa = PBXBuildFile; fileRef = 1864261024501DD600B40781 /* DetailViewController+TableView.swift */; };
		188849A3245058B800199BCB /* RecomendationCollectionViewCell.xib in Resources */ = {isa = PBXBuildFile; fileRef = 188849A2245058B800199BCB /* RecomendationCollectionViewCell.xib */; };
		188849A4245058B800199BCB /* RecomendationCollectionViewCell.xib in Resources */ = {isa = PBXBuildFile; fileRef = 188849A2245058B800199BCB /* RecomendationCollectionViewCell.xib */; };
		188849A624505B1700199BCB /* HomeViewController+TableView.swift in Sources */ = {isa = PBXBuildFile; fileRef = 188849A524505B1700199BCB /* HomeViewController+TableView.swift */; };
		188849A724505B1700199BCB /* HomeViewController+TableView.swift in Sources */ = {isa = PBXBuildFile; fileRef = 188849A524505B1700199BCB /* HomeViewController+TableView.swift */; };
		18B3C21524502E3B0029545D /* GenreCollectionViewCell.swift in Sources */ = {isa = PBXBuildFile; fileRef = 18B3C21424502E3B0029545D /* GenreCollectionViewCell.swift */; };
		18B3C21624502E3B0029545D /* GenreCollectionViewCell.swift in Sources */ = {isa = PBXBuildFile; fileRef = 18B3C21424502E3B0029545D /* GenreCollectionViewCell.swift */; };
		18CA0EC1244C1BA3001D57CE /* MovieListSectionType.swift in Sources */ = {isa = PBXBuildFile; fileRef = 18CA0EC0244C1BA3001D57CE /* MovieListSectionType.swift */; };
		18CA0EC2244C1BA3001D57CE /* MovieListSectionType.swift in Sources */ = {isa = PBXBuildFile; fileRef = 18CA0EC0244C1BA3001D57CE /* MovieListSectionType.swift */; };
		18CA0EC4244C1C1F001D57CE /* HomeViewModel.swift in Sources */ = {isa = PBXBuildFile; fileRef = 18CA0EC3244C1C1F001D57CE /* HomeViewModel.swift */; };
		18CA0EC5244C1C1F001D57CE /* HomeViewModel.swift in Sources */ = {isa = PBXBuildFile; fileRef = 18CA0EC3244C1C1F001D57CE /* HomeViewModel.swift */; };
		18CA0EC7244C1C98001D57CE /* MovieModel.swift in Sources */ = {isa = PBXBuildFile; fileRef = 18CA0EC6244C1C98001D57CE /* MovieModel.swift */; };
		18CA0EC8244C1C98001D57CE /* MovieModel.swift in Sources */ = {isa = PBXBuildFile; fileRef = 18CA0EC6244C1C98001D57CE /* MovieModel.swift */; };
		18CA0ECA244C1CE5001D57CE /* BaseModel.swift in Sources */ = {isa = PBXBuildFile; fileRef = 18CA0EC9244C1CE5001D57CE /* BaseModel.swift */; };
		18CA0ECB244C1CE5001D57CE /* BaseModel.swift in Sources */ = {isa = PBXBuildFile; fileRef = 18CA0EC9244C1CE5001D57CE /* BaseModel.swift */; };
		18DAC06B24501F5800624B7E /* GenreModel.swift in Sources */ = {isa = PBXBuildFile; fileRef = 18DAC06A24501F5800624B7E /* GenreModel.swift */; };
		18DAC06C24501F5800624B7E /* GenreModel.swift in Sources */ = {isa = PBXBuildFile; fileRef = 18DAC06A24501F5800624B7E /* GenreModel.swift */; };
		18FBB146244ED22000C5F64F /* MovieListViewModel.swift in Sources */ = {isa = PBXBuildFile; fileRef = 18FBB145244ED22000C5F64F /* MovieListViewModel.swift */; };
		18FBB147244ED22000C5F64F /* MovieListViewModel.swift in Sources */ = {isa = PBXBuildFile; fileRef = 18FBB145244ED22000C5F64F /* MovieListViewModel.swift */; };
		18FBB149244EF33900C5F64F /* DetailViewController.swift in Sources */ = {isa = PBXBuildFile; fileRef = 18FBB148244EF33900C5F64F /* DetailViewController.swift */; };
		18FBB14A244EF33900C5F64F /* DetailViewController.swift in Sources */ = {isa = PBXBuildFile; fileRef = 18FBB148244EF33900C5F64F /* DetailViewController.swift */; };
		18FBB14C244EFDA300C5F64F /* DetailViewModel.swift in Sources */ = {isa = PBXBuildFile; fileRef = 18FBB14B244EFDA300C5F64F /* DetailViewModel.swift */; };
		18FBB14D244EFDA300C5F64F /* DetailViewModel.swift in Sources */ = {isa = PBXBuildFile; fileRef = 18FBB14B244EFDA300C5F64F /* DetailViewModel.swift */; };
		18FBB14F244F032B00C5F64F /* MovieOverviewTableViewCell.swift in Sources */ = {isa = PBXBuildFile; fileRef = 18FBB14E244F032B00C5F64F /* MovieOverviewTableViewCell.swift */; };
		18FBB150244F032B00C5F64F /* MovieOverviewTableViewCell.swift in Sources */ = {isa = PBXBuildFile; fileRef = 18FBB14E244F032B00C5F64F /* MovieOverviewTableViewCell.swift */; };
		18FEDCC52449A43800CD2CBC /* AppDelegate.swift in Sources */ = {isa = PBXBuildFile; fileRef = 18FEDCC42449A43800CD2CBC /* AppDelegate.swift */; };
		18FEDCC72449A43800CD2CBC /* SceneDelegate.swift in Sources */ = {isa = PBXBuildFile; fileRef = 18FEDCC62449A43800CD2CBC /* SceneDelegate.swift */; };
		18FEDCC92449A43800CD2CBC /* HomeViewController.swift in Sources */ = {isa = PBXBuildFile; fileRef = 18FEDCC82449A43800CD2CBC /* HomeViewController.swift */; };
		18FEDCCC2449A43800CD2CBC /* Main.storyboard in Resources */ = {isa = PBXBuildFile; fileRef = 18FEDCCA2449A43800CD2CBC /* Main.storyboard */; };
		18FEDCCE2449A43B00CD2CBC /* Assets.xcassets in Resources */ = {isa = PBXBuildFile; fileRef = 18FEDCCD2449A43B00CD2CBC /* Assets.xcassets */; };
		18FEDCD12449A43B00CD2CBC /* LaunchScreen.storyboard in Resources */ = {isa = PBXBuildFile; fileRef = 18FEDCCF2449A43B00CD2CBC /* LaunchScreen.storyboard */; };
		18FEDCDC2449A43C00CD2CBC /* KarrosMoviesTests.swift in Sources */ = {isa = PBXBuildFile; fileRef = 18FEDCDB2449A43C00CD2CBC /* KarrosMoviesTests.swift */; };
		C49D5B3E24846710DAA31254 /* Pods_KarrosMovies.framework in Frameworks */ = {isa = PBXBuildFile; fileRef = BD12C011DDF495C212000C3B /* Pods_KarrosMovies.framework */; };
/* End PBXBuildFile section */

/* Begin PBXContainerItemProxy section */
		18FEDCD82449A43B00CD2CBC /* PBXContainerItemProxy */ = {
			isa = PBXContainerItemProxy;
			containerPortal = 18FEDCB92449A43800CD2CBC /* Project object */;
			proxyType = 1;
			remoteGlobalIDString = 18FEDCC02449A43800CD2CBC;
			remoteInfo = KarrosMovies;
		};
/* End PBXContainerItemProxy section */

/* Begin PBXFileReference section */
		1812E60924503D7B00076112 /* MovieDetailSectionType.swift */ = {isa = PBXFileReference; lastKnownFileType = sourcecode.swift; path = MovieDetailSectionType.swift; sourceTree = "<group>"; };
		1812E60C245044F100076112 /* CommentModel.swift */ = {isa = PBXFileReference; lastKnownFileType = sourcecode.swift; path = CommentModel.swift; sourceTree = "<group>"; };
		1812E6102450461E00076112 /* SectionHeaderTableViewCell.xib */ = {isa = PBXFileReference; lastKnownFileType = file.xib; path = SectionHeaderTableViewCell.xib; sourceTree = "<group>"; };
		1812E6152450469A00076112 /* MoviesTableViewCell.xib */ = {isa = PBXFileReference; lastKnownFileType = file.xib; path = MoviesTableViewCell.xib; sourceTree = "<group>"; };
		1812E618245046D800076112 /* BaseTableViewCell.swift */ = {isa = PBXFileReference; lastKnownFileType = sourcecode.swift; path = BaseTableViewCell.swift; sourceTree = "<group>"; };
		1812E61B24504A0700076112 /* MovieCollectionViewCell.xib */ = {isa = PBXFileReference; lastKnownFileType = file.xib; path = MovieCollectionViewCell.xib; sourceTree = "<group>"; };
		1812E61E24504A4C00076112 /* BaseCollectionViewCell.swift */ = {isa = PBXFileReference; lastKnownFileType = sourcecode.swift; path = BaseCollectionViewCell.swift; sourceTree = "<group>"; };
		1812E6232450506400076112 /* YourRateTableViewCell.swift */ = {isa = PBXFileReference; lastKnownFileType = sourcecode.swift; path = YourRateTableViewCell.swift; sourceTree = "<group>"; };
		181935D0244AD81D00C1BB6D /* APIManager.swift */ = {isa = PBXFileReference; lastKnownFileType = sourcecode.swift; path = APIManager.swift; sourceTree = "<group>"; };
		181935D3244AD95800C1BB6D /* BaseViewModel.swift */ = {isa = PBXFileReference; lastKnownFileType = sourcecode.swift; path = BaseViewModel.swift; sourceTree = "<group>"; };
		181935D6244AD9A700C1BB6D /* BaseViewController.swift */ = {isa = PBXFileReference; lastKnownFileType = sourcecode.swift; path = BaseViewController.swift; sourceTree = "<group>"; };
		181935DA244ADB8000C1BB6D /* SectionHeaderTableViewCell.swift */ = {isa = PBXFileReference; lastKnownFileType = sourcecode.swift; path = SectionHeaderTableViewCell.swift; sourceTree = "<group>"; };
		181935DD244ADB9500C1BB6D /* MoviesTableViewCell.swift */ = {isa = PBXFileReference; lastKnownFileType = sourcecode.swift; path = MoviesTableViewCell.swift; sourceTree = "<group>"; };
		181935E0244ADBA700C1BB6D /* CategoriesTableViewCell.swift */ = {isa = PBXFileReference; lastKnownFileType = sourcecode.swift; path = CategoriesTableViewCell.swift; sourceTree = "<group>"; };
		181935E6244ADBCC00C1BB6D /* MovieCollectionViewCell.swift */ = {isa = PBXFileReference; lastKnownFileType = sourcecode.swift; path = MovieCollectionViewCell.swift; sourceTree = "<group>"; };
		181935E9244ADC1800C1BB6D /* CategoryCollectionViewCell.swift */ = {isa = PBXFileReference; lastKnownFileType = sourcecode.swift; path = CategoryCollectionViewCell.swift; sourceTree = "<group>"; };
		181935EC244ADC4200C1BB6D /* RecomandationCollectionViewCell.swift */ = {isa = PBXFileReference; lastKnownFileType = sourcecode.swift; path = RecomandationCollectionViewCell.swift; sourceTree = "<group>"; };
		1864261024501DD600B40781 /* DetailViewController+TableView.swift */ = {isa = PBXFileReference; lastKnownFileType = sourcecode.swift; path = "DetailViewController+TableView.swift"; sourceTree = "<group>"; };
		188849A2245058B800199BCB /* RecomendationCollectionViewCell.xib */ = {isa = PBXFileReference; lastKnownFileType = file.xib; path = RecomendationCollectionViewCell.xib; sourceTree = "<group>"; };
		188849A524505B1700199BCB /* HomeViewController+TableView.swift */ = {isa = PBXFileReference; lastKnownFileType = sourcecode.swift; path = "HomeViewController+TableView.swift"; sourceTree = "<group>"; };
		18B3C21424502E3B0029545D /* GenreCollectionViewCell.swift */ = {isa = PBXFileReference; lastKnownFileType = sourcecode.swift; path = GenreCollectionViewCell.swift; sourceTree = "<group>"; };
		18CA0EC0244C1BA3001D57CE /* MovieListSectionType.swift */ = {isa = PBXFileReference; lastKnownFileType = sourcecode.swift; path = MovieListSectionType.swift; sourceTree = "<group>"; };
		18CA0EC3244C1C1F001D57CE /* HomeViewModel.swift */ = {isa = PBXFileReference; lastKnownFileType = sourcecode.swift; path = HomeViewModel.swift; sourceTree = "<group>"; };
		18CA0EC6244C1C98001D57CE /* MovieModel.swift */ = {isa = PBXFileReference; lastKnownFileType = sourcecode.swift; path = MovieModel.swift; sourceTree = "<group>"; };
		18CA0EC9244C1CE5001D57CE /* BaseModel.swift */ = {isa = PBXFileReference; lastKnownFileType = sourcecode.swift; path = BaseModel.swift; sourceTree = "<group>"; };
		18DAC06A24501F5800624B7E /* GenreModel.swift */ = {isa = PBXFileReference; lastKnownFileType = sourcecode.swift; path = GenreModel.swift; sourceTree = "<group>"; };
		18FBB145244ED22000C5F64F /* MovieListViewModel.swift */ = {isa = PBXFileReference; lastKnownFileType = sourcecode.swift; path = MovieListViewModel.swift; sourceTree = "<group>"; };
		18FBB148244EF33900C5F64F /* DetailViewController.swift */ = {isa = PBXFileReference; lastKnownFileType = sourcecode.swift; path = DetailViewController.swift; sourceTree = "<group>"; };
		18FBB14B244EFDA300C5F64F /* DetailViewModel.swift */ = {isa = PBXFileReference; lastKnownFileType = sourcecode.swift; path = DetailViewModel.swift; sourceTree = "<group>"; };
		18FBB14E244F032B00C5F64F /* MovieOverviewTableViewCell.swift */ = {isa = PBXFileReference; lastKnownFileType = sourcecode.swift; path = MovieOverviewTableViewCell.swift; sourceTree = "<group>"; };
		18FEDCC12449A43800CD2CBC /* KarrosMovies.app */ = {isa = PBXFileReference; explicitFileType = wrapper.application; includeInIndex = 0; path = KarrosMovies.app; sourceTree = BUILT_PRODUCTS_DIR; };
		18FEDCC42449A43800CD2CBC /* AppDelegate.swift */ = {isa = PBXFileReference; lastKnownFileType = sourcecode.swift; path = AppDelegate.swift; sourceTree = "<group>"; };
		18FEDCC62449A43800CD2CBC /* SceneDelegate.swift */ = {isa = PBXFileReference; lastKnownFileType = sourcecode.swift; path = SceneDelegate.swift; sourceTree = "<group>"; };
		18FEDCC82449A43800CD2CBC /* HomeViewController.swift */ = {isa = PBXFileReference; lastKnownFileType = sourcecode.swift; path = HomeViewController.swift; sourceTree = "<group>"; };
		18FEDCCB2449A43800CD2CBC /* Base */ = {isa = PBXFileReference; lastKnownFileType = file.storyboard; name = Base; path = Base.lproj/Main.storyboard; sourceTree = "<group>"; };
		18FEDCCD2449A43B00CD2CBC /* Assets.xcassets */ = {isa = PBXFileReference; lastKnownFileType = folder.assetcatalog; path = Assets.xcassets; sourceTree = "<group>"; };
		18FEDCD02449A43B00CD2CBC /* Base */ = {isa = PBXFileReference; lastKnownFileType = file.storyboard; name = Base; path = Base.lproj/LaunchScreen.storyboard; sourceTree = "<group>"; };
		18FEDCD22449A43B00CD2CBC /* Info.plist */ = {isa = PBXFileReference; lastKnownFileType = text.plist.xml; path = Info.plist; sourceTree = "<group>"; };
		18FEDCD72449A43B00CD2CBC /* KarrosMoviesTests.xctest */ = {isa = PBXFileReference; explicitFileType = wrapper.cfbundle; includeInIndex = 0; path = KarrosMoviesTests.xctest; sourceTree = BUILT_PRODUCTS_DIR; };
		18FEDCDB2449A43C00CD2CBC /* KarrosMoviesTests.swift */ = {isa = PBXFileReference; lastKnownFileType = sourcecode.swift; path = KarrosMoviesTests.swift; sourceTree = "<group>"; };
		18FEDCDD2449A43C00CD2CBC /* Info.plist */ = {isa = PBXFileReference; lastKnownFileType = text.plist.xml; path = Info.plist; sourceTree = "<group>"; };
		91F01E7BC1CFDBF9667145DA /* Pods-KarrosMovies.release.xcconfig */ = {isa = PBXFileReference; includeInIndex = 1; lastKnownFileType = text.xcconfig; name = "Pods-KarrosMovies.release.xcconfig"; path = "Target Support Files/Pods-KarrosMovies/Pods-KarrosMovies.release.xcconfig"; sourceTree = "<group>"; };
		B5D4C65ADAA81CCEC4232818 /* Pods-KarrosMovies.debug.xcconfig */ = {isa = PBXFileReference; includeInIndex = 1; lastKnownFileType = text.xcconfig; name = "Pods-KarrosMovies.debug.xcconfig"; path = "Target Support Files/Pods-KarrosMovies/Pods-KarrosMovies.debug.xcconfig"; sourceTree = "<group>"; };
		BD12C011DDF495C212000C3B /* Pods_KarrosMovies.framework */ = {isa = PBXFileReference; explicitFileType = wrapper.framework; includeInIndex = 0; path = Pods_KarrosMovies.framework; sourceTree = BUILT_PRODUCTS_DIR; };
/* End PBXFileReference section */

/* Begin PBXFrameworksBuildPhase section */
		18FEDCBE2449A43800CD2CBC /* Frameworks */ = {
			isa = PBXFrameworksBuildPhase;
			buildActionMask = 2147483647;
			files = (
				C49D5B3E24846710DAA31254 /* Pods_KarrosMovies.framework in Frameworks */,
			);
			runOnlyForDeploymentPostprocessing = 0;
		};
		18FEDCD42449A43B00CD2CBC /* Frameworks */ = {
			isa = PBXFrameworksBuildPhase;
			buildActionMask = 2147483647;
			files = (
			);
			runOnlyForDeploymentPostprocessing = 0;
		};
/* End PBXFrameworksBuildPhase section */

/* Begin PBXGroup section */
		1812E6212450502400076112 /* TableViewCell */ = {
			isa = PBXGroup;
			children = (
				1812E618245046D800076112 /* BaseTableViewCell.swift */,
				1812E6102450461E00076112 /* SectionHeaderTableViewCell.xib */,
				181935DA244ADB8000C1BB6D /* SectionHeaderTableViewCell.swift */,
				181935DD244ADB9500C1BB6D /* MoviesTableViewCell.swift */,
				1812E6152450469A00076112 /* MoviesTableViewCell.xib */,
				181935E0244ADBA700C1BB6D /* CategoriesTableViewCell.swift */,
				18FBB14E244F032B00C5F64F /* MovieOverviewTableViewCell.swift */,
				1812E6232450506400076112 /* YourRateTableViewCell.swift */,
			);
			path = TableViewCell;
			sourceTree = "<group>";
		};
		1812E6222450503C00076112 /* CollectionViewCell */ = {
			isa = PBXGroup;
			children = (
				1812E61E24504A4C00076112 /* BaseCollectionViewCell.swift */,
				181935E6244ADBCC00C1BB6D /* MovieCollectionViewCell.swift */,
				1812E61B24504A0700076112 /* MovieCollectionViewCell.xib */,
				181935E9244ADC1800C1BB6D /* CategoryCollectionViewCell.swift */,
				181935EC244ADC4200C1BB6D /* RecomandationCollectionViewCell.swift */,
				188849A2245058B800199BCB /* RecomendationCollectionViewCell.xib */,
				18B3C21424502E3B0029545D /* GenreCollectionViewCell.swift */,
			);
			path = CollectionViewCell;
			sourceTree = "<group>";
		};
		181935CB244AD55900C1BB6D /* Models */ = {
			isa = PBXGroup;
			children = (
				18CA0EC9244C1CE5001D57CE /* BaseModel.swift */,
				18DAC06A24501F5800624B7E /* GenreModel.swift */,
				18CA0EC6244C1C98001D57CE /* MovieModel.swift */,
				1812E60C245044F100076112 /* CommentModel.swift */,
				18CA0EC0244C1BA3001D57CE /* MovieListSectionType.swift */,
				1812E60924503D7B00076112 /* MovieDetailSectionType.swift */,
			);
			path = Models;
			sourceTree = "<group>";
		};
		181935CC244AD56500C1BB6D /* Views */ = {
			isa = PBXGroup;
			children = (
				181935D9244ADB4900C1BB6D /* Cells */,
				181935CE244AD58F00C1BB6D /* Controllers */,
				18FEDCCA2449A43800CD2CBC /* Main.storyboard */,
			);
			path = Views;
			sourceTree = "<group>";
		};
		181935CD244AD56D00C1BB6D /* ViewModels */ = {
			isa = PBXGroup;
			children = (
				181935D3244AD95800C1BB6D /* BaseViewModel.swift */,
				18FBB145244ED22000C5F64F /* MovieListViewModel.swift */,
				18CA0EC3244C1C1F001D57CE /* HomeViewModel.swift */,
				18FBB14B244EFDA300C5F64F /* DetailViewModel.swift */,
			);
			path = ViewModels;
			sourceTree = "<group>";
		};
		181935CE244AD58F00C1BB6D /* Controllers */ = {
			isa = PBXGroup;
			children = (
				181935D6244AD9A700C1BB6D /* BaseViewController.swift */,
				18FEDCC82449A43800CD2CBC /* HomeViewController.swift */,
				188849A524505B1700199BCB /* HomeViewController+TableView.swift */,
				18FBB148244EF33900C5F64F /* DetailViewController.swift */,
				1864261024501DD600B40781 /* DetailViewController+TableView.swift */,
			);
			path = Controllers;
			sourceTree = "<group>";
		};
		181935CF244AD80300C1BB6D /* Helper */ = {
			isa = PBXGroup;
			children = (
				181935D0244AD81D00C1BB6D /* APIManager.swift */,
			);
			path = Helper;
			sourceTree = "<group>";
		};
		181935D9244ADB4900C1BB6D /* Cells */ = {
			isa = PBXGroup;
			children = (
				1812E6222450503C00076112 /* CollectionViewCell */,
				1812E6212450502400076112 /* TableViewCell */,
			);
			path = Cells;
			sourceTree = "<group>";
		};
		18FEDCB82449A43800CD2CBC = {
			isa = PBXGroup;
			children = (
				18FEDCC32449A43800CD2CBC /* KarrosMovies */,
				18FEDCDA2449A43B00CD2CBC /* KarrosMoviesTests */,
				18FEDCC22449A43800CD2CBC /* Products */,
				20DF5B31A4D46E15C0533276 /* Pods */,
				3E8BC2D312E8770CD2D3E74E /* Frameworks */,
			);
			sourceTree = "<group>";
		};
		18FEDCC22449A43800CD2CBC /* Products */ = {
			isa = PBXGroup;
			children = (
				18FEDCC12449A43800CD2CBC /* KarrosMovies.app */,
				18FEDCD72449A43B00CD2CBC /* KarrosMoviesTests.xctest */,
			);
			name = Products;
			sourceTree = "<group>";
		};
		18FEDCC32449A43800CD2CBC /* KarrosMovies */ = {
			isa = PBXGroup;
			children = (
				181935CF244AD80300C1BB6D /* Helper */,
				181935CB244AD55900C1BB6D /* Models */,
				181935CD244AD56D00C1BB6D /* ViewModels */,
				181935CC244AD56500C1BB6D /* Views */,
				18FEDCC42449A43800CD2CBC /* AppDelegate.swift */,
				18FEDCC62449A43800CD2CBC /* SceneDelegate.swift */,
				18FEDCCD2449A43B00CD2CBC /* Assets.xcassets */,
				18FEDCCF2449A43B00CD2CBC /* LaunchScreen.storyboard */,
				18FEDCD22449A43B00CD2CBC /* Info.plist */,
			);
			path = KarrosMovies;
			sourceTree = "<group>";
		};
		18FEDCDA2449A43B00CD2CBC /* KarrosMoviesTests */ = {
			isa = PBXGroup;
			children = (
				18FEDCDB2449A43C00CD2CBC /* KarrosMoviesTests.swift */,
				18FEDCDD2449A43C00CD2CBC /* Info.plist */,
			);
			path = KarrosMoviesTests;
			sourceTree = "<group>";
		};
		20DF5B31A4D46E15C0533276 /* Pods */ = {
			isa = PBXGroup;
			children = (
				B5D4C65ADAA81CCEC4232818 /* Pods-KarrosMovies.debug.xcconfig */,
				91F01E7BC1CFDBF9667145DA /* Pods-KarrosMovies.release.xcconfig */,
			);
			path = Pods;
			sourceTree = "<group>";
		};
		3E8BC2D312E8770CD2D3E74E /* Frameworks */ = {
			isa = PBXGroup;
			children = (
				BD12C011DDF495C212000C3B /* Pods_KarrosMovies.framework */,
			);
			name = Frameworks;
			sourceTree = "<group>";
		};
/* End PBXGroup section */

/* Begin PBXNativeTarget section */
		18FEDCC02449A43800CD2CBC /* KarrosMovies */ = {
			isa = PBXNativeTarget;
			buildConfigurationList = 18FEDCE02449A43C00CD2CBC /* Build configuration list for PBXNativeTarget "KarrosMovies" */;
			buildPhases = (
				93734D343EBBE50AE766CD67 /* [CP] Check Pods Manifest.lock */,
				18FEDCBD2449A43800CD2CBC /* Sources */,
				18FEDCBE2449A43800CD2CBC /* Frameworks */,
				18FEDCBF2449A43800CD2CBC /* Resources */,
				4310CC3D556972AF6A861768 /* [CP] Embed Pods Frameworks */,
			);
			buildRules = (
			);
			dependencies = (
			);
			name = KarrosMovies;
			productName = KarrosMovies;
			productReference = 18FEDCC12449A43800CD2CBC /* KarrosMovies.app */;
			productType = "com.apple.product-type.application";
		};
		18FEDCD62449A43B00CD2CBC /* KarrosMoviesTests */ = {
			isa = PBXNativeTarget;
			buildConfigurationList = 18FEDCE32449A43C00CD2CBC /* Build configuration list for PBXNativeTarget "KarrosMoviesTests" */;
			buildPhases = (
				18FEDCD32449A43B00CD2CBC /* Sources */,
				18FEDCD42449A43B00CD2CBC /* Frameworks */,
				18FEDCD52449A43B00CD2CBC /* Resources */,
			);
			buildRules = (
			);
			dependencies = (
				18FEDCD92449A43B00CD2CBC /* PBXTargetDependency */,
			);
			name = KarrosMoviesTests;
			productName = KarrosMoviesTests;
			productReference = 18FEDCD72449A43B00CD2CBC /* KarrosMoviesTests.xctest */;
			productType = "com.apple.product-type.bundle.unit-test";
		};
/* End PBXNativeTarget section */

/* Begin PBXProject section */
		18FEDCB92449A43800CD2CBC /* Project object */ = {
			isa = PBXProject;
			attributes = {
				LastSwiftUpdateCheck = 1140;
				LastUpgradeCheck = 1140;
				ORGANIZATIONNAME = ThuTrangT5;
				TargetAttributes = {
					18FEDCC02449A43800CD2CBC = {
						CreatedOnToolsVersion = 11.4;
					};
					18FEDCD62449A43B00CD2CBC = {
						CreatedOnToolsVersion = 11.4;
						TestTargetID = 18FEDCC02449A43800CD2CBC;
					};
				};
			};
			buildConfigurationList = 18FEDCBC2449A43800CD2CBC /* Build configuration list for PBXProject "KarrosMovies" */;
			compatibilityVersion = "Xcode 9.3";
			developmentRegion = en;
			hasScannedForEncodings = 0;
			knownRegions = (
				en,
				Base,
			);
			mainGroup = 18FEDCB82449A43800CD2CBC;
			productRefGroup = 18FEDCC22449A43800CD2CBC /* Products */;
			projectDirPath = "";
			projectRoot = "";
			targets = (
				18FEDCC02449A43800CD2CBC /* KarrosMovies */,
				18FEDCD62449A43B00CD2CBC /* KarrosMoviesTests */,
			);
		};
/* End PBXProject section */

/* Begin PBXResourcesBuildPhase section */
		18FEDCBF2449A43800CD2CBC /* Resources */ = {
			isa = PBXResourcesBuildPhase;
			buildActionMask = 2147483647;
			files = (
				18FEDCD12449A43B00CD2CBC /* LaunchScreen.storyboard in Resources */,
				188849A3245058B800199BCB /* RecomendationCollectionViewCell.xib in Resources */,
				1812E6162450469A00076112 /* MoviesTableViewCell.xib in Resources */,
				18FEDCCE2449A43B00CD2CBC /* Assets.xcassets in Resources */,
				18FEDCCC2449A43800CD2CBC /* Main.storyboard in Resources */,
				1812E6132450461E00076112 /* SectionHeaderTableViewCell.xib in Resources */,
				1812E61C24504A0700076112 /* MovieCollectionViewCell.xib in Resources */,
			);
			runOnlyForDeploymentPostprocessing = 0;
		};
		18FEDCD52449A43B00CD2CBC /* Resources */ = {
			isa = PBXResourcesBuildPhase;
			buildActionMask = 2147483647;
			files = (
				1812E6172450469A00076112 /* MoviesTableViewCell.xib in Resources */,
				1812E6142450461E00076112 /* SectionHeaderTableViewCell.xib in Resources */,
				1812E61D24504A0700076112 /* MovieCollectionViewCell.xib in Resources */,
				188849A4245058B800199BCB /* RecomendationCollectionViewCell.xib in Resources */,
			);
			runOnlyForDeploymentPostprocessing = 0;
		};
/* End PBXResourcesBuildPhase section */

/* Begin PBXShellScriptBuildPhase section */
		4310CC3D556972AF6A861768 /* [CP] Embed Pods Frameworks */ = {
			isa = PBXShellScriptBuildPhase;
			buildActionMask = 2147483647;
			files = (
			);
			inputFileListPaths = (
				"${PODS_ROOT}/Target Support Files/Pods-KarrosMovies/Pods-KarrosMovies-frameworks-${CONFIGURATION}-input-files.xcfilelist",
			);
			name = "[CP] Embed Pods Frameworks";
			outputFileListPaths = (
				"${PODS_ROOT}/Target Support Files/Pods-KarrosMovies/Pods-KarrosMovies-frameworks-${CONFIGURATION}-output-files.xcfilelist",
			);
			runOnlyForDeploymentPostprocessing = 0;
			shellPath = /bin/sh;
			shellScript = "\"${PODS_ROOT}/Target Support Files/Pods-KarrosMovies/Pods-KarrosMovies-frameworks.sh\"\n";
			showEnvVarsInLog = 0;
		};
		93734D343EBBE50AE766CD67 /* [CP] Check Pods Manifest.lock */ = {
			isa = PBXShellScriptBuildPhase;
			buildActionMask = 2147483647;
			files = (
			);
			inputFileListPaths = (
			);
			inputPaths = (
				"${PODS_PODFILE_DIR_PATH}/Podfile.lock",
				"${PODS_ROOT}/Manifest.lock",
			);
			name = "[CP] Check Pods Manifest.lock";
			outputFileListPaths = (
			);
			outputPaths = (
				"$(DERIVED_FILE_DIR)/Pods-KarrosMovies-checkManifestLockResult.txt",
			);
			runOnlyForDeploymentPostprocessing = 0;
			shellPath = /bin/sh;
			shellScript = "diff \"${PODS_PODFILE_DIR_PATH}/Podfile.lock\" \"${PODS_ROOT}/Manifest.lock\" > /dev/null\nif [ $? != 0 ] ; then\n    # print error to STDERR\n    echo \"error: The sandbox is not in sync with the Podfile.lock. Run 'pod install' or update your CocoaPods installation.\" >&2\n    exit 1\nfi\n# This output is used by Xcode 'outputs' to avoid re-running this script phase.\necho \"SUCCESS\" > \"${SCRIPT_OUTPUT_FILE_0}\"\n";
			showEnvVarsInLog = 0;
		};
/* End PBXShellScriptBuildPhase section */

/* Begin PBXSourcesBuildPhase section */
		18FEDCBD2449A43800CD2CBC /* Sources */ = {
			isa = PBXSourcesBuildPhase;
			buildActionMask = 2147483647;
			files = (
				18CA0ECA244C1CE5001D57CE /* BaseModel.swift in Sources */,
				181935DB244ADB8000C1BB6D /* SectionHeaderTableViewCell.swift in Sources */,
				18FBB146244ED22000C5F64F /* MovieListViewModel.swift in Sources */,
				1864261124501DD600B40781 /* DetailViewController+TableView.swift in Sources */,
				1812E619245046D800076112 /* BaseTableViewCell.swift in Sources */,
				181935D1244AD81D00C1BB6D /* APIManager.swift in Sources */,
				18CA0EC4244C1C1F001D57CE /* HomeViewModel.swift in Sources */,
				18B3C21524502E3B0029545D /* GenreCollectionViewCell.swift in Sources */,
				181935E1244ADBA700C1BB6D /* CategoriesTableViewCell.swift in Sources */,
				18FBB149244EF33900C5F64F /* DetailViewController.swift in Sources */,
				181935DE244ADB9500C1BB6D /* MoviesTableViewCell.swift in Sources */,
				181935EA244ADC1800C1BB6D /* CategoryCollectionViewCell.swift in Sources */,
				18FBB14F244F032B00C5F64F /* MovieOverviewTableViewCell.swift in Sources */,
				18CA0EC1244C1BA3001D57CE /* MovieListSectionType.swift in Sources */,
				181935ED244ADC4200C1BB6D /* RecomandationCollectionViewCell.swift in Sources */,
				18CA0EC7244C1C98001D57CE /* MovieModel.swift in Sources */,
				1812E60D245044F100076112 /* CommentModel.swift in Sources */,
				181935D4244AD95800C1BB6D /* BaseViewModel.swift in Sources */,
				18FEDCC92449A43800CD2CBC /* HomeViewController.swift in Sources */,
				1812E61F24504A4C00076112 /* BaseCollectionViewCell.swift in Sources */,
				18FBB14C244EFDA300C5F64F /* DetailViewModel.swift in Sources */,
				18FEDCC52449A43800CD2CBC /* AppDelegate.swift in Sources */,
				1812E60A24503D7B00076112 /* MovieDetailSectionType.swift in Sources */,
				181935E7244ADBCC00C1BB6D /* MovieCollectionViewCell.swift in Sources */,
				18DAC06B24501F5800624B7E /* GenreModel.swift in Sources */,
				188849A624505B1700199BCB /* HomeViewController+TableView.swift in Sources */,
				18FEDCC72449A43800CD2CBC /* SceneDelegate.swift in Sources */,
				1812E6242450506400076112 /* YourRateTableViewCell.swift in Sources */,
				181935D7244AD9A700C1BB6D /* BaseViewController.swift in Sources */,
			);
			runOnlyForDeploymentPostprocessing = 0;
		};
		18FEDCD32449A43B00CD2CBC /* Sources */ = {
			isa = PBXSourcesBuildPhase;
			buildActionMask = 2147483647;
			files = (
				181935DF244ADB9500C1BB6D /* MoviesTableViewCell.swift in Sources */,
				18FBB147244ED22000C5F64F /* MovieListViewModel.swift in Sources */,
				181935D2244AD81D00C1BB6D /* APIManager.swift in Sources */,
				181935D8244AD9A700C1BB6D /* BaseViewController.swift in Sources */,
				1864261224501DD600B40781 /* DetailViewController+TableView.swift in Sources */,
				181935EE244ADC4200C1BB6D /* RecomandationCollectionViewCell.swift in Sources */,
				18FEDCDC2449A43C00CD2CBC /* KarrosMoviesTests.swift in Sources */,
				18B3C21624502E3B0029545D /* GenreCollectionViewCell.swift in Sources */,
				18FBB14D244EFDA300C5F64F /* DetailViewModel.swift in Sources */,
				18CA0ECB244C1CE5001D57CE /* BaseModel.swift in Sources */,
				1812E62024504A4C00076112 /* BaseCollectionViewCell.swift in Sources */,
				18CA0EC2244C1BA3001D57CE /* MovieListSectionType.swift in Sources */,
				1812E6252450506400076112 /* YourRateTableViewCell.swift in Sources */,
				188849A724505B1700199BCB /* HomeViewController+TableView.swift in Sources */,
				18FBB14A244EF33900C5F64F /* DetailViewController.swift in Sources */,
				181935DC244ADB8000C1BB6D /* SectionHeaderTableViewCell.swift in Sources */,
				181935EB244ADC1800C1BB6D /* CategoryCollectionViewCell.swift in Sources */,
				18CA0EC5244C1C1F001D57CE /* HomeViewModel.swift in Sources */,
				18DAC06C24501F5800624B7E /* GenreModel.swift in Sources */,
				1812E60B24503D7B00076112 /* MovieDetailSectionType.swift in Sources */,
				181935E8244ADBCC00C1BB6D /* MovieCollectionViewCell.swift in Sources */,
				18CA0EC8244C1C98001D57CE /* MovieModel.swift in Sources */,
				181935E2244ADBA700C1BB6D /* CategoriesTableViewCell.swift in Sources */,
				1812E60E245044F100076112 /* CommentModel.swift in Sources */,
				18FBB150244F032B00C5F64F /* MovieOverviewTableViewCell.swift in Sources */,
				1812E61A245046D800076112 /* BaseTableViewCell.swift in Sources */,
				181935D5244AD95800C1BB6D /* BaseViewModel.swift in Sources */,
			);
			runOnlyForDeploymentPostprocessing = 0;
		};
/* End PBXSourcesBuildPhase section */

/* Begin PBXTargetDependency section */
		18FEDCD92449A43B00CD2CBC /* PBXTargetDependency */ = {
			isa = PBXTargetDependency;
			target = 18FEDCC02449A43800CD2CBC /* KarrosMovies */;
			targetProxy = 18FEDCD82449A43B00CD2CBC /* PBXContainerItemProxy */;
		};
/* End PBXTargetDependency section */

/* Begin PBXVariantGroup section */
		18FEDCCA2449A43800CD2CBC /* Main.storyboard */ = {
			isa = PBXVariantGroup;
			children = (
				18FEDCCB2449A43800CD2CBC /* Base */,
			);
			name = Main.storyboard;
			sourceTree = "<group>";
		};
		18FEDCCF2449A43B00CD2CBC /* LaunchScreen.storyboard */ = {
			isa = PBXVariantGroup;
			children = (
				18FEDCD02449A43B00CD2CBC /* Base */,
			);
			name = LaunchScreen.storyboard;
			sourceTree = "<group>";
		};
/* End PBXVariantGroup section */

/* Begin XCBuildConfiguration section */
		18FEDCDE2449A43C00CD2CBC /* Debug */ = {
			isa = XCBuildConfiguration;
			buildSettings = {
				ALWAYS_SEARCH_USER_PATHS = NO;
				CLANG_ANALYZER_NONNULL = YES;
				CLANG_ANALYZER_NUMBER_OBJECT_CONVERSION = YES_AGGRESSIVE;
				CLANG_CXX_LANGUAGE_STANDARD = "gnu++14";
				CLANG_CXX_LIBRARY = "libc++";
				CLANG_ENABLE_MODULES = YES;
				CLANG_ENABLE_OBJC_ARC = YES;
				CLANG_ENABLE_OBJC_WEAK = YES;
				CLANG_WARN_BLOCK_CAPTURE_AUTORELEASING = YES;
				CLANG_WARN_BOOL_CONVERSION = YES;
				CLANG_WARN_COMMA = YES;
				CLANG_WARN_CONSTANT_CONVERSION = YES;
				CLANG_WARN_DEPRECATED_OBJC_IMPLEMENTATIONS = YES;
				CLANG_WARN_DIRECT_OBJC_ISA_USAGE = YES_ERROR;
				CLANG_WARN_DOCUMENTATION_COMMENTS = YES;
				CLANG_WARN_EMPTY_BODY = YES;
				CLANG_WARN_ENUM_CONVERSION = YES;
				CLANG_WARN_INFINITE_RECURSION = YES;
				CLANG_WARN_INT_CONVERSION = YES;
				CLANG_WARN_NON_LITERAL_NULL_CONVERSION = YES;
				CLANG_WARN_OBJC_IMPLICIT_RETAIN_SELF = YES;
				CLANG_WARN_OBJC_LITERAL_CONVERSION = YES;
				CLANG_WARN_OBJC_ROOT_CLASS = YES_ERROR;
				CLANG_WARN_RANGE_LOOP_ANALYSIS = YES;
				CLANG_WARN_STRICT_PROTOTYPES = YES;
				CLANG_WARN_SUSPICIOUS_MOVE = YES;
				CLANG_WARN_UNGUARDED_AVAILABILITY = YES_AGGRESSIVE;
				CLANG_WARN_UNREACHABLE_CODE = YES;
				CLANG_WARN__DUPLICATE_METHOD_MATCH = YES;
				COPY_PHASE_STRIP = NO;
				DEBUG_INFORMATION_FORMAT = dwarf;
				ENABLE_STRICT_OBJC_MSGSEND = YES;
				ENABLE_TESTABILITY = YES;
				GCC_C_LANGUAGE_STANDARD = gnu11;
				GCC_DYNAMIC_NO_PIC = NO;
				GCC_NO_COMMON_BLOCKS = YES;
				GCC_OPTIMIZATION_LEVEL = 0;
				GCC_PREPROCESSOR_DEFINITIONS = (
					"DEBUG=1",
					"$(inherited)",
				);
				GCC_WARN_64_TO_32_BIT_CONVERSION = YES;
				GCC_WARN_ABOUT_RETURN_TYPE = YES_ERROR;
				GCC_WARN_UNDECLARED_SELECTOR = YES;
				GCC_WARN_UNINITIALIZED_AUTOS = YES_AGGRESSIVE;
				GCC_WARN_UNUSED_FUNCTION = YES;
				GCC_WARN_UNUSED_VARIABLE = YES;
				IPHONEOS_DEPLOYMENT_TARGET = 13.4;
				MTL_ENABLE_DEBUG_INFO = INCLUDE_SOURCE;
				MTL_FAST_MATH = YES;
				ONLY_ACTIVE_ARCH = YES;
				SDKROOT = iphoneos;
				SWIFT_ACTIVE_COMPILATION_CONDITIONS = DEBUG;
				SWIFT_OPTIMIZATION_LEVEL = "-Onone";
			};
			name = Debug;
		};
		18FEDCDF2449A43C00CD2CBC /* Release */ = {
			isa = XCBuildConfiguration;
			buildSettings = {
				ALWAYS_SEARCH_USER_PATHS = NO;
				CLANG_ANALYZER_NONNULL = YES;
				CLANG_ANALYZER_NUMBER_OBJECT_CONVERSION = YES_AGGRESSIVE;
				CLANG_CXX_LANGUAGE_STANDARD = "gnu++14";
				CLANG_CXX_LIBRARY = "libc++";
				CLANG_ENABLE_MODULES = YES;
				CLANG_ENABLE_OBJC_ARC = YES;
				CLANG_ENABLE_OBJC_WEAK = YES;
				CLANG_WARN_BLOCK_CAPTURE_AUTORELEASING = YES;
				CLANG_WARN_BOOL_CONVERSION = YES;
				CLANG_WARN_COMMA = YES;
				CLANG_WARN_CONSTANT_CONVERSION = YES;
				CLANG_WARN_DEPRECATED_OBJC_IMPLEMENTATIONS = YES;
				CLANG_WARN_DIRECT_OBJC_ISA_USAGE = YES_ERROR;
				CLANG_WARN_DOCUMENTATION_COMMENTS = YES;
				CLANG_WARN_EMPTY_BODY = YES;
				CLANG_WARN_ENUM_CONVERSION = YES;
				CLANG_WARN_INFINITE_RECURSION = YES;
				CLANG_WARN_INT_CONVERSION = YES;
				CLANG_WARN_NON_LITERAL_NULL_CONVERSION = YES;
				CLANG_WARN_OBJC_IMPLICIT_RETAIN_SELF = YES;
				CLANG_WARN_OBJC_LITERAL_CONVERSION = YES;
				CLANG_WARN_OBJC_ROOT_CLASS = YES_ERROR;
				CLANG_WARN_RANGE_LOOP_ANALYSIS = YES;
				CLANG_WARN_STRICT_PROTOTYPES = YES;
				CLANG_WARN_SUSPICIOUS_MOVE = YES;
				CLANG_WARN_UNGUARDED_AVAILABILITY = YES_AGGRESSIVE;
				CLANG_WARN_UNREACHABLE_CODE = YES;
				CLANG_WARN__DUPLICATE_METHOD_MATCH = YES;
				COPY_PHASE_STRIP = NO;
				DEBUG_INFORMATION_FORMAT = "dwarf-with-dsym";
				ENABLE_NS_ASSERTIONS = NO;
				ENABLE_STRICT_OBJC_MSGSEND = YES;
				GCC_C_LANGUAGE_STANDARD = gnu11;
				GCC_NO_COMMON_BLOCKS = YES;
				GCC_WARN_64_TO_32_BIT_CONVERSION = YES;
				GCC_WARN_ABOUT_RETURN_TYPE = YES_ERROR;
				GCC_WARN_UNDECLARED_SELECTOR = YES;
				GCC_WARN_UNINITIALIZED_AUTOS = YES_AGGRESSIVE;
				GCC_WARN_UNUSED_FUNCTION = YES;
				GCC_WARN_UNUSED_VARIABLE = YES;
				IPHONEOS_DEPLOYMENT_TARGET = 13.4;
				MTL_ENABLE_DEBUG_INFO = NO;
				MTL_FAST_MATH = YES;
				SDKROOT = iphoneos;
				SWIFT_COMPILATION_MODE = wholemodule;
				SWIFT_OPTIMIZATION_LEVEL = "-O";
				VALIDATE_PRODUCT = YES;
			};
			name = Release;
		};
		18FEDCE12449A43C00CD2CBC /* Debug */ = {
			isa = XCBuildConfiguration;
			baseConfigurationReference = B5D4C65ADAA81CCEC4232818 /* Pods-KarrosMovies.debug.xcconfig */;
			buildSettings = {
				ASSETCATALOG_COMPILER_APPICON_NAME = AppIcon;
				CODE_SIGN_STYLE = Automatic;
				DEVELOPMENT_TEAM = LXSMGXYA7Z;
				INFOPLIST_FILE = KarrosMovies/Info.plist;
				LD_RUNPATH_SEARCH_PATHS = (
					"$(inherited)",
					"@executable_path/Frameworks",
				);
				PRODUCT_BUNDLE_IDENTIFIER = t5.com.KarrosMovies;
				PRODUCT_NAME = "$(TARGET_NAME)";
				SWIFT_VERSION = 5.0;
				TARGETED_DEVICE_FAMILY = "1,2";
			};
			name = Debug;
		};
		18FEDCE22449A43C00CD2CBC /* Release */ = {
			isa = XCBuildConfiguration;
			baseConfigurationReference = 91F01E7BC1CFDBF9667145DA /* Pods-KarrosMovies.release.xcconfig */;
			buildSettings = {
				ASSETCATALOG_COMPILER_APPICON_NAME = AppIcon;
				CODE_SIGN_STYLE = Automatic;
				DEVELOPMENT_TEAM = LXSMGXYA7Z;
				INFOPLIST_FILE = KarrosMovies/Info.plist;
				LD_RUNPATH_SEARCH_PATHS = (
					"$(inherited)",
					"@executable_path/Frameworks",
				);
				PRODUCT_BUNDLE_IDENTIFIER = t5.com.KarrosMovies;
				PRODUCT_NAME = "$(TARGET_NAME)";
				SWIFT_VERSION = 5.0;
				TARGETED_DEVICE_FAMILY = "1,2";
			};
			name = Release;
		};
		18FEDCE42449A43C00CD2CBC /* Debug */ = {
			isa = XCBuildConfiguration;
			buildSettings = {
				ALWAYS_EMBED_SWIFT_STANDARD_LIBRARIES = YES;
				BUNDLE_LOADER = "$(TEST_HOST)";
				CODE_SIGN_STYLE = Automatic;
				DEVELOPMENT_TEAM = LXSMGXYA7Z;
				INFOPLIST_FILE = KarrosMoviesTests/Info.plist;
				IPHONEOS_DEPLOYMENT_TARGET = 13.4;
				LD_RUNPATH_SEARCH_PATHS = (
					"$(inherited)",
					"@executable_path/Frameworks",
					"@loader_path/Frameworks",
				);
				PRODUCT_BUNDLE_IDENTIFIER = t5.com.KarrosMoviesTests;
				PRODUCT_NAME = "$(TARGET_NAME)";
				SWIFT_VERSION = 5.0;
				TARGETED_DEVICE_FAMILY = "1,2";
				TEST_HOST = "$(BUILT_PRODUCTS_DIR)/KarrosMovies.app/KarrosMovies";
			};
			name = Debug;
		};
		18FEDCE52449A43C00CD2CBC /* Release */ = {
			isa = XCBuildConfiguration;
			buildSettings = {
				ALWAYS_EMBED_SWIFT_STANDARD_LIBRARIES = YES;
				BUNDLE_LOADER = "$(TEST_HOST)";
				CODE_SIGN_STYLE = Automatic;
				DEVELOPMENT_TEAM = LXSMGXYA7Z;
				INFOPLIST_FILE = KarrosMoviesTests/Info.plist;
				IPHONEOS_DEPLOYMENT_TARGET = 13.4;
				LD_RUNPATH_SEARCH_PATHS = (
					"$(inherited)",
					"@executable_path/Frameworks",
					"@loader_path/Frameworks",
				);
				PRODUCT_BUNDLE_IDENTIFIER = t5.com.KarrosMoviesTests;
				PRODUCT_NAME = "$(TARGET_NAME)";
				SWIFT_VERSION = 5.0;
				TARGETED_DEVICE_FAMILY = "1,2";
				TEST_HOST = "$(BUILT_PRODUCTS_DIR)/KarrosMovies.app/KarrosMovies";
			};
			name = Release;
		};
/* End XCBuildConfiguration section */

/* Begin XCConfigurationList section */
		18FEDCBC2449A43800CD2CBC /* Build configuration list for PBXProject "KarrosMovies" */ = {
			isa = XCConfigurationList;
			buildConfigurations = (
				18FEDCDE2449A43C00CD2CBC /* Debug */,
				18FEDCDF2449A43C00CD2CBC /* Release */,
			);
			defaultConfigurationIsVisible = 0;
			defaultConfigurationName = Release;
		};
		18FEDCE02449A43C00CD2CBC /* Build configuration list for PBXNativeTarget "KarrosMovies" */ = {
			isa = XCConfigurationList;
			buildConfigurations = (
				18FEDCE12449A43C00CD2CBC /* Debug */,
				18FEDCE22449A43C00CD2CBC /* Release */,
			);
			defaultConfigurationIsVisible = 0;
			defaultConfigurationName = Release;
		};
		18FEDCE32449A43C00CD2CBC /* Build configuration list for PBXNativeTarget "KarrosMoviesTests" */ = {
			isa = XCConfigurationList;
			buildConfigurations = (
				18FEDCE42449A43C00CD2CBC /* Debug */,
				18FEDCE52449A43C00CD2CBC /* Release */,
			);
			defaultConfigurationIsVisible = 0;
			defaultConfigurationName = Release;
		};
/* End XCConfigurationList section */
	};
	rootObject = 18FEDCB92449A43800CD2CBC /* Project object */;
}
